{
  "name": "interactable-controller",
  "version": "1.0.0",
  "lockfileVersion": 1,
  "requires": true,
  "dependencies": {
    "event-middleware": {
      "version": "git+https://github.com/Market-Mentors-LLC/event-middleware.git#919551434b455a411ca76fd5946752d0ee6fd0ea",
      "from": "git+https://github.com/Market-Mentors-LLC/event-middleware.git"
    }
  }
}
